
Microsoft Visual Studio Solution File, Format Version 12.00
# Visual Studio Version 16
VisualStudioVersion = 16.0.29911.98
MinimumVisualStudioVersion = 15.0.26124.0
Project("{9A19103F-16F7-4668-BE54-9A1E7A4F7556}") = "TestFormActiveForm", "TestFormActiveForm.csproj", "{C1C512CF-AB38-4A50-8CE1-CECFB541DF6D}"
EndProject
Global
	GlobalSection(SolutionConfigurationPlatforms) = preSolution
		Debug|Any CPU = Debug|Any CPU
		Debug|x64 = Debug|x64
		Debug|x86 = Debug|x86
		Release|Any CPU = Release|Any CPU
		Release|x64 = Release|x64
		Release|x86 = Release|x86
	EndGlobalSection
	GlobalSection(ProjectConfigurationPlatforms) = postSolution
		{C1C512CF-AB38-4A50-8CE1-CECFB541DF6D}.Debug|Any CPU.ActiveCfg = Debug|Any CPU
		{C1C512CF-AB38-4A50-8CE1-CECFB541DF6D}.Debug|Any CPU.Build.0 = Debug|Any CPU
		{C1C512CF-AB38-4A50-8CE1-CECFB541DF6D}.Debug|x64.ActiveCfg = Debug|Any CPU
		{C1C512CF-AB38-4A50-8CE1-CECFB541DF6D}.Debug|x64.Build.0 = Debug|Any CPU
		{C1C512CF-AB38-4A50-8CE1-CECFB541DF6D}.Debug|x86.ActiveCfg = Debug|Any CPU
		{C1C512CF-AB38-4A50-8CE1-CECFB541DF6D}.Debug|x86.Build.0 = Debug|Any CPU
		{C1C512CF-AB38-4A50-8CE1-CECFB541DF6D}.Release|Any CPU.ActiveCfg = Release|Any CPU
		{C1C512CF-AB38-4A50-8CE1-CECFB541DF6D}.Release|Any CPU.Build.0 = Release|Any CPU
		{C1C512CF-AB38-4A50-8CE1-CECFB541DF6D}.Release|x64.ActiveCfg = Release|Any CPU
		{C1C512CF-AB38-4A50-8CE1-CECFB541DF6D}.Release|x64.Build.0 = Release|Any CPU
		{C1C512CF-AB38-4A50-8CE1-CECFB541DF6D}.Release|x86.ActiveCfg = Release|Any CPU
		{C1C512CF-AB38-4A50-8CE1-CECFB541DF6D}.Release|x86.Build.0 = Release|Any CPU
	EndGlobalSection
	GlobalSection(SolutionProperties) = preSolution
		HideSolutionNode = FALSE
	EndGlobalSection
	GlobalSection(ExtensibilityGlobals) = postSolution
		SolutionGuid = {DCFE850D-89FA-4A70-A8FF-5113FA55D74C}
	EndGlobalSection
EndGlobal
